
Microsoft Visual Studio Solution File, Format Version 12.00
# Visual Studio Express 2012 for Windows Desktop
Project("{FAE04EC0-301F-11D3-BF4B-00C04F79EFBC}") = "hospital_mgmt_CEFC", "hospital_mgmt_CEFC\hospital_mgmt_CEFC.csproj", "{15829EBA-9898-4EFD-828C-92BEDBDC2EAF}"
EndProject
Global
	GlobalSection(SolutionConfigurationPlatforms) = preSolution
		Debug|Any CPU = Debug|Any CPU
		Release|Any CPU = Release|Any CPU
	EndGlobalSection
	GlobalSection(ProjectConfigurationPlatforms) = postSolution
		{15829EBA-9898-4EFD-828C-92BEDBDC2EAF}.Debug|Any CPU.ActiveCfg = Debug|Any CPU
		{15829EBA-9898-4EFD-828C-92BEDBDC2EAF}.Debug|Any CPU.Build.0 = Debug|Any CPU
		{15829EBA-9898-4EFD-828C-92BEDBDC2EAF}.Release|Any CPU.ActiveCfg = Release|Any CPU
		{15829EBA-9898-4EFD-828C-92BEDBDC2EAF}.Release|Any CPU.Build.0 = Release|Any CPU
	EndGlobalSection
	GlobalSection(SolutionProperties) = preSolution
		HideSolutionNode = FALSE
	EndGlobalSection
EndGlobal
